// !$*UTF8*$!
{
	archiveVersion = 1;
	classes = {
	};
	objectVersion = 46;
	objects = {

/* Begin PBXBuildFile section */
		1366EC10B21D6870C9BB7773 /* Pods_DecksTests.framework in Frameworks */ = {isa = PBXBuildFile; fileRef = 38BC2DDE9CF6F187BB0CC8C2 /* Pods_DecksTests.framework */; };
		20CCCFA0C0B39736DD08C3E3 /* Pods_Decks.framework in Frameworks */ = {isa = PBXBuildFile; fileRef = 9A839E0EABDE22E0D7984E51 /* Pods_Decks.framework */; };
		CCBCD562DEBF58A27E61282F /* Pods_DecksUITests.framework in Frameworks */ = {isa = PBXBuildFile; fileRef = 9858547FB085A2282FBCC516 /* Pods_DecksUITests.framework */; };
		FA6AE2E91DC67B5200FD91CA /* RecentlyJoinedPeopleView.swift in Sources */ = {isa = PBXBuildFile; fileRef = FA6AE2E81DC67B5200FD91CA /* RecentlyJoinedPeopleView.swift */; };
		FAAC44D41DC59FEB00BE8267 /* UIHelper.swift in Sources */ = {isa = PBXBuildFile; fileRef = FAAC44D31DC59FEB00BE8267 /* UIHelper.swift */; };
		FAAC44D61DC5A01400BE8267 /* HomeViewController.swift in Sources */ = {isa = PBXBuildFile; fileRef = FAAC44D51DC5A01400BE8267 /* HomeViewController.swift */; };
		FAAC44D81DC5A03600BE8267 /* MyDecksViewController.swift in Sources */ = {isa = PBXBuildFile; fileRef = FAAC44D71DC5A03600BE8267 /* MyDecksViewController.swift */; };
		FAAC44DA1DC5A04E00BE8267 /* DeckDetailViewController.swift in Sources */ = {isa = PBXBuildFile; fileRef = FAAC44D91DC5A04E00BE8267 /* DeckDetailViewController.swift */; };
		FAAC44DC1DC5A05A00BE8267 /* FlashcardViewController.swift in Sources */ = {isa = PBXBuildFile; fileRef = FAAC44DB1DC5A05A00BE8267 /* FlashcardViewController.swift */; };
		FAAC44DE1DC5A06900BE8267 /* ProfileViewController.swift in Sources */ = {isa = PBXBuildFile; fileRef = FAAC44DD1DC5A06900BE8267 /* ProfileViewController.swift */; };
		FAAC44E01DC5A0E300BE8267 /* UserProfileCell.swift in Sources */ = {isa = PBXBuildFile; fileRef = FAAC44DF1DC5A0E300BE8267 /* UserProfileCell.swift */; };
		FAAC44E21DC5A11900BE8267 /* DeckCell.swift in Sources */ = {isa = PBXBuildFile; fileRef = FAAC44E11DC5A11900BE8267 /* DeckCell.swift */; };
		FAAC44E41DC5A12600BE8267 /* DeckOutlineCell.swift in Sources */ = {isa = PBXBuildFile; fileRef = FAAC44E31DC5A12600BE8267 /* DeckOutlineCell.swift */; };
		FAAC44E61DC5A1A400BE8267 /* DeckDetailCell.swift in Sources */ = {isa = PBXBuildFile; fileRef = FAAC44E51DC5A1A400BE8267 /* DeckDetailCell.swift */; };
		FAAC44E81DC5A6A900BE8267 /* AccountsCell.swift in Sources */ = {isa = PBXBuildFile; fileRef = FAAC44E71DC5A6A900BE8267 /* AccountsCell.swift */; };
		FAAD87381DA32D6500B0DD2B /* AppDelegate.swift in Sources */ = {isa = PBXBuildFile; fileRef = FAAD87371DA32D6500B0DD2B /* AppDelegate.swift */; };
		FAAD873D1DA32D6600B0DD2B /* Main.storyboard in Resources */ = {isa = PBXBuildFile; fileRef = FAAD873B1DA32D6600B0DD2B /* Main.storyboard */; };
		FAAD873F1DA32D6600B0DD2B /* Assets.xcassets in Resources */ = {isa = PBXBuildFile; fileRef = FAAD873E1DA32D6600B0DD2B /* Assets.xcassets */; };
		FAAD87421DA32D6600B0DD2B /* LaunchScreen.storyboard in Resources */ = {isa = PBXBuildFile; fileRef = FAAD87401DA32D6600B0DD2B /* LaunchScreen.storyboard */; };
		FAAD874D1DA32D6700B0DD2B /* DecksTests.swift in Sources */ = {isa = PBXBuildFile; fileRef = FAAD874C1DA32D6700B0DD2B /* DecksTests.swift */; };
		FAAD87581DA32D6700B0DD2B /* DecksUITests.swift in Sources */ = {isa = PBXBuildFile; fileRef = FAAD87571DA32D6700B0DD2B /* DecksUITests.swift */; };
		FAAD87681DA3355200B0DD2B /* GoogleService-Info-Decks.plist in Resources */ = {isa = PBXBuildFile; fileRef = FAAD87671DA3355200B0DD2B /* GoogleService-Info-Decks.plist */; };
		FAAD87691DA3355200B0DD2B /* GoogleService-Info-Decks.plist in Resources */ = {isa = PBXBuildFile; fileRef = FAAD87671DA3355200B0DD2B /* GoogleService-Info-Decks.plist */; };
		FAAD876A1DA3355200B0DD2B /* GoogleService-Info-Decks.plist in Resources */ = {isa = PBXBuildFile; fileRef = FAAD87671DA3355200B0DD2B /* GoogleService-Info-Decks.plist */; };
		FAE3EA451DCA68AF00B375ED /* UserProfileSocialIconsView.swift in Sources */ = {isa = PBXBuildFile; fileRef = FAE3EA441DCA68AF00B375ED /* UserProfileSocialIconsView.swift */; };
		FAE3EA471DCA6D4800B375ED /* flashcardOptionsView.swift in Sources */ = {isa = PBXBuildFile; fileRef = FAE3EA461DCA6D4800B375ED /* flashcardOptionsView.swift */; };
/* End PBXBuildFile section */

/* Begin PBXContainerItemProxy section */
		FAAD87491DA32D6700B0DD2B /* PBXContainerItemProxy */ = {
			isa = PBXContainerItemProxy;
			containerPortal = FAAD872C1DA32D6200B0DD2B /* Project object */;
			proxyType = 1;
			remoteGlobalIDString = FAAD87331DA32D6200B0DD2B;
			remoteInfo = Decks;
		};
		FAAD87541DA32D6700B0DD2B /* PBXContainerItemProxy */ = {
			isa = PBXContainerItemProxy;
			containerPortal = FAAD872C1DA32D6200B0DD2B /* Project object */;
			proxyType = 1;
			remoteGlobalIDString = FAAD87331DA32D6200B0DD2B;
			remoteInfo = Decks;
		};
/* End PBXContainerItemProxy section */

/* Begin PBXFileReference section */
		0A3C8B5E0D67B8EE788EAC30 /* Pods-DecksUITests.debug.xcconfig */ = {isa = PBXFileReference; includeInIndex = 1; lastKnownFileType = text.xcconfig; name = "Pods-DecksUITests.debug.xcconfig"; path = "Pods/Target Support Files/Pods-DecksUITests/Pods-DecksUITests.debug.xcconfig"; sourceTree = "<group>"; };
		1D8E91A843B2BC028E37B196 /* Pods-Decks.release.xcconfig */ = {isa = PBXFileReference; includeInIndex = 1; lastKnownFileType = text.xcconfig; name = "Pods-Decks.release.xcconfig"; path = "Pods/Target Support Files/Pods-Decks/Pods-Decks.release.xcconfig"; sourceTree = "<group>"; };
		38BC2DDE9CF6F187BB0CC8C2 /* Pods_DecksTests.framework */ = {isa = PBXFileReference; explicitFileType = wrapper.framework; includeInIndex = 0; path = Pods_DecksTests.framework; sourceTree = BUILT_PRODUCTS_DIR; };
		635E13260CE88509C2C305AC /* Pods-DecksTests.release.xcconfig */ = {isa = PBXFileReference; includeInIndex = 1; lastKnownFileType = text.xcconfig; name = "Pods-DecksTests.release.xcconfig"; path = "Pods/Target Support Files/Pods-DecksTests/Pods-DecksTests.release.xcconfig"; sourceTree = "<group>"; };
		836D1BC25E744ADD23CF4831 /* Pods-DecksTests.debug.xcconfig */ = {isa = PBXFileReference; includeInIndex = 1; lastKnownFileType = text.xcconfig; name = "Pods-DecksTests.debug.xcconfig"; path = "Pods/Target Support Files/Pods-DecksTests/Pods-DecksTests.debug.xcconfig"; sourceTree = "<group>"; };
		86B9E4E640ADB73211B1D400 /* Pods-DecksUITests.release.xcconfig */ = {isa = PBXFileReference; includeInIndex = 1; lastKnownFileType = text.xcconfig; name = "Pods-DecksUITests.release.xcconfig"; path = "Pods/Target Support Files/Pods-DecksUITests/Pods-DecksUITests.release.xcconfig"; sourceTree = "<group>"; };
		9858547FB085A2282FBCC516 /* Pods_DecksUITests.framework */ = {isa = PBXFileReference; explicitFileType = wrapper.framework; includeInIndex = 0; path = Pods_DecksUITests.framework; sourceTree = BUILT_PRODUCTS_DIR; };
		9A839E0EABDE22E0D7984E51 /* Pods_Decks.framework */ = {isa = PBXFileReference; explicitFileType = wrapper.framework; includeInIndex = 0; path = Pods_Decks.framework; sourceTree = BUILT_PRODUCTS_DIR; };
		C3CDB3537AC4D6AC0F7467E9 /* Pods-Decks.debug.xcconfig */ = {isa = PBXFileReference; includeInIndex = 1; lastKnownFileType = text.xcconfig; name = "Pods-Decks.debug.xcconfig"; path = "Pods/Target Support Files/Pods-Decks/Pods-Decks.debug.xcconfig"; sourceTree = "<group>"; };
		FA6AE2E81DC67B5200FD91CA /* RecentlyJoinedPeopleView.swift */ = {isa = PBXFileReference; fileEncoding = 4; lastKnownFileType = sourcecode.swift; path = RecentlyJoinedPeopleView.swift; sourceTree = "<group>"; };
		FAAC44D31DC59FEB00BE8267 /* UIHelper.swift */ = {isa = PBXFileReference; fileEncoding = 4; lastKnownFileType = sourcecode.swift; path = UIHelper.swift; sourceTree = "<group>"; };
		FAAC44D51DC5A01400BE8267 /* HomeViewController.swift */ = {isa = PBXFileReference; fileEncoding = 4; lastKnownFileType = sourcecode.swift; path = HomeViewController.swift; sourceTree = "<group>"; };
		FAAC44D71DC5A03600BE8267 /* MyDecksViewController.swift */ = {isa = PBXFileReference; fileEncoding = 4; lastKnownFileType = sourcecode.swift; path = MyDecksViewController.swift; sourceTree = "<group>"; };
		FAAC44D91DC5A04E00BE8267 /* DeckDetailViewController.swift */ = {isa = PBXFileReference; fileEncoding = 4; lastKnownFileType = sourcecode.swift; path = DeckDetailViewController.swift; sourceTree = "<group>"; };
		FAAC44DB1DC5A05A00BE8267 /* FlashcardViewController.swift */ = {isa = PBXFileReference; fileEncoding = 4; lastKnownFileType = sourcecode.swift; path = FlashcardViewController.swift; sourceTree = "<group>"; };
		FAAC44DD1DC5A06900BE8267 /* ProfileViewController.swift */ = {isa = PBXFileReference; fileEncoding = 4; lastKnownFileType = sourcecode.swift; path = ProfileViewController.swift; sourceTree = "<group>"; };
		FAAC44DF1DC5A0E300BE8267 /* UserProfileCell.swift */ = {isa = PBXFileReference; fileEncoding = 4; lastKnownFileType = sourcecode.swift; path = UserProfileCell.swift; sourceTree = "<group>"; };
		FAAC44E11DC5A11900BE8267 /* DeckCell.swift */ = {isa = PBXFileReference; fileEncoding = 4; lastKnownFileType = sourcecode.swift; path = DeckCell.swift; sourceTree = "<group>"; };
		FAAC44E31DC5A12600BE8267 /* DeckOutlineCell.swift */ = {isa = PBXFileReference; fileEncoding = 4; lastKnownFileType = sourcecode.swift; path = DeckOutlineCell.swift; sourceTree = "<group>"; };
		FAAC44E51DC5A1A400BE8267 /* DeckDetailCell.swift */ = {isa = PBXFileReference; fileEncoding = 4; lastKnownFileType = sourcecode.swift; path = DeckDetailCell.swift; sourceTree = "<group>"; };
		FAAC44E71DC5A6A900BE8267 /* AccountsCell.swift */ = {isa = PBXFileReference; fileEncoding = 4; lastKnownFileType = sourcecode.swift; path = AccountsCell.swift; sourceTree = "<group>"; };
		FAAD87341DA32D6500B0DD2B /* Decks.app */ = {isa = PBXFileReference; explicitFileType = wrapper.application; includeInIndex = 0; path = Decks.app; sourceTree = BUILT_PRODUCTS_DIR; };
		FAAD87371DA32D6500B0DD2B /* AppDelegate.swift */ = {isa = PBXFileReference; lastKnownFileType = sourcecode.swift; path = AppDelegate.swift; sourceTree = "<group>"; };
		FAAD873C1DA32D6600B0DD2B /* Base */ = {isa = PBXFileReference; lastKnownFileType = file.storyboard; name = Base; path = Base.lproj/Main.storyboard; sourceTree = "<group>"; };
		FAAD873E1DA32D6600B0DD2B /* Assets.xcassets */ = {isa = PBXFileReference; lastKnownFileType = folder.assetcatalog; path = Assets.xcassets; sourceTree = "<group>"; };
		FAAD87411DA32D6600B0DD2B /* Base */ = {isa = PBXFileReference; lastKnownFileType = file.storyboard; name = Base; path = Base.lproj/LaunchScreen.storyboard; sourceTree = "<group>"; };
		FAAD87431DA32D6600B0DD2B /* Info.plist */ = {isa = PBXFileReference; lastKnownFileType = text.plist.xml; path = Info.plist; sourceTree = "<group>"; };
		FAAD87481DA32D6700B0DD2B /* DecksTests.xctest */ = {isa = PBXFileReference; explicitFileType = wrapper.cfbundle; includeInIndex = 0; path = DecksTests.xctest; sourceTree = BUILT_PRODUCTS_DIR; };
		FAAD874C1DA32D6700B0DD2B /* DecksTests.swift */ = {isa = PBXFileReference; lastKnownFileType = sourcecode.swift; path = DecksTests.swift; sourceTree = "<group>"; };
		FAAD874E1DA32D6700B0DD2B /* Info.plist */ = {isa = PBXFileReference; lastKnownFileType = text.plist.xml; path = Info.plist; sourceTree = "<group>"; };
		FAAD87531DA32D6700B0DD2B /* DecksUITests.xctest */ = {isa = PBXFileReference; explicitFileType = wrapper.cfbundle; includeInIndex = 0; path = DecksUITests.xctest; sourceTree = BUILT_PRODUCTS_DIR; };
		FAAD87571DA32D6700B0DD2B /* DecksUITests.swift */ = {isa = PBXFileReference; lastKnownFileType = sourcecode.swift; path = DecksUITests.swift; sourceTree = "<group>"; };
		FAAD87591DA32D6700B0DD2B /* Info.plist */ = {isa = PBXFileReference; lastKnownFileType = text.plist.xml; path = Info.plist; sourceTree = "<group>"; };
		FAAD87671DA3355200B0DD2B /* GoogleService-Info-Decks.plist */ = {isa = PBXFileReference; fileEncoding = 4; lastKnownFileType = text.plist.xml; path = "GoogleService-Info-Decks.plist"; sourceTree = "<group>"; };
		FAE3EA441DCA68AF00B375ED /* UserProfileSocialIconsView.swift */ = {isa = PBXFileReference; fileEncoding = 4; lastKnownFileType = sourcecode.swift; path = UserProfileSocialIconsView.swift; sourceTree = "<group>"; };
		FAE3EA461DCA6D4800B375ED /* flashcardOptionsView.swift */ = {isa = PBXFileReference; fileEncoding = 4; lastKnownFileType = sourcecode.swift; path = flashcardOptionsView.swift; sourceTree = "<group>"; };
/* End PBXFileReference section */

/* Begin PBXFrameworksBuildPhase section */
		FAAD87311DA32D6200B0DD2B /* Frameworks */ = {
			isa = PBXFrameworksBuildPhase;
			buildActionMask = 2147483647;
			files = (
				20CCCFA0C0B39736DD08C3E3 /* Pods_Decks.framework in Frameworks */,
			);
			runOnlyForDeploymentPostprocessing = 0;
		};
		FAAD87451DA32D6700B0DD2B /* Frameworks */ = {
			isa = PBXFrameworksBuildPhase;
			buildActionMask = 2147483647;
			files = (
				1366EC10B21D6870C9BB7773 /* Pods_DecksTests.framework in Frameworks */,
			);
			runOnlyForDeploymentPostprocessing = 0;
		};
		FAAD87501DA32D6700B0DD2B /* Frameworks */ = {
			isa = PBXFrameworksBuildPhase;
			buildActionMask = 2147483647;
			files = (
				CCBCD562DEBF58A27E61282F /* Pods_DecksUITests.framework in Frameworks */,
			);
			runOnlyForDeploymentPostprocessing = 0;
		};
/* End PBXFrameworksBuildPhase section */

/* Begin PBXGroup section */
		49D800882575901468350D4E /* Pods */ = {
			isa = PBXGroup;
			children = (
				C3CDB3537AC4D6AC0F7467E9 /* Pods-Decks.debug.xcconfig */,
				1D8E91A843B2BC028E37B196 /* Pods-Decks.release.xcconfig */,
				836D1BC25E744ADD23CF4831 /* Pods-DecksTests.debug.xcconfig */,
				635E13260CE88509C2C305AC /* Pods-DecksTests.release.xcconfig */,
				0A3C8B5E0D67B8EE788EAC30 /* Pods-DecksUITests.debug.xcconfig */,
				86B9E4E640ADB73211B1D400 /* Pods-DecksUITests.release.xcconfig */,
			);
			name = Pods;
			sourceTree = "<group>";
		};
		AF1FE577E46EDD1064E75155 /* Frameworks */ = {
			isa = PBXGroup;
			children = (
				9A839E0EABDE22E0D7984E51 /* Pods_Decks.framework */,
				38BC2DDE9CF6F187BB0CC8C2 /* Pods_DecksTests.framework */,
				9858547FB085A2282FBCC516 /* Pods_DecksUITests.framework */,
			);
			name = Frameworks;
			sourceTree = "<group>";
		};
		FA6AE2E71DC67AED00FD91CA /* Custom Elements */ = {
			isa = PBXGroup;
			children = (
				FA6AE2E81DC67B5200FD91CA /* RecentlyJoinedPeopleView.swift */,
				FAE3EA441DCA68AF00B375ED /* UserProfileSocialIconsView.swift */,
				FAE3EA461DCA6D4800B375ED /* flashcardOptionsView.swift */,
			);
			path = "Custom Elements";
			sourceTree = "<group>";
		};
		FAAC44D01DC59FD900BE8267 /* Helpers */ = {
			isa = PBXGroup;
			children = (
				FAAC44D31DC59FEB00BE8267 /* UIHelper.swift */,
			);
			path = Helpers;
			sourceTree = "<group>";
		};
		FAAC44D11DC59FD900BE8267 /* Tableview Cells */ = {
			isa = PBXGroup;
			children = (
				FAAC44DF1DC5A0E300BE8267 /* UserProfileCell.swift */,
				FAAC44E11DC5A11900BE8267 /* DeckCell.swift */,
				FAAC44E31DC5A12600BE8267 /* DeckOutlineCell.swift */,
				FAAC44E51DC5A1A400BE8267 /* DeckDetailCell.swift */,
				FAAC44E71DC5A6A900BE8267 /* AccountsCell.swift */,
			);
			path = "Tableview Cells";
			sourceTree = "<group>";
		};
		FAAC44D21DC59FD900BE8267 /* View Controllers */ = {
			isa = PBXGroup;
			children = (
				FAAC44D51DC5A01400BE8267 /* HomeViewController.swift */,
				FAAC44D71DC5A03600BE8267 /* MyDecksViewController.swift */,
				FAAC44D91DC5A04E00BE8267 /* DeckDetailViewController.swift */,
				FAAC44DB1DC5A05A00BE8267 /* FlashcardViewController.swift */,
				FAAC44DD1DC5A06900BE8267 /* ProfileViewController.swift */,
			);
			path = "View Controllers";
			sourceTree = "<group>";
		};
		FAAD872B1DA32D6200B0DD2B = {
			isa = PBXGroup;
			children = (
				FAAD87361DA32D6500B0DD2B /* Decks */,
				FAAD874B1DA32D6700B0DD2B /* DecksTests */,
				FAAD87561DA32D6700B0DD2B /* DecksUITests */,
				FAAD87351DA32D6500B0DD2B /* Products */,
				49D800882575901468350D4E /* Pods */,
				AF1FE577E46EDD1064E75155 /* Frameworks */,
			);
			sourceTree = "<group>";
		};
		FAAD87351DA32D6500B0DD2B /* Products */ = {
			isa = PBXGroup;
			children = (
				FAAD87341DA32D6500B0DD2B /* Decks.app */,
				FAAD87481DA32D6700B0DD2B /* DecksTests.xctest */,
				FAAD87531DA32D6700B0DD2B /* DecksUITests.xctest */,
			);
			name = Products;
			sourceTree = "<group>";
		};
		FAAD87361DA32D6500B0DD2B /* Decks */ = {
			isa = PBXGroup;
			children = (
				FA6AE2E71DC67AED00FD91CA /* Custom Elements */,
				FAAC44D01DC59FD900BE8267 /* Helpers */,
				FAAC44D11DC59FD900BE8267 /* Tableview Cells */,
				FAAC44D21DC59FD900BE8267 /* View Controllers */,
				FAAD87371DA32D6500B0DD2B /* AppDelegate.swift */,
				FAAD873B1DA32D6600B0DD2B /* Main.storyboard */,
				FAAD873E1DA32D6600B0DD2B /* Assets.xcassets */,
				FAAD87401DA32D6600B0DD2B /* LaunchScreen.storyboard */,
				FAAD87431DA32D6600B0DD2B /* Info.plist */,
				FAAD87671DA3355200B0DD2B /* GoogleService-Info-Decks.plist */,
			);
			path = Decks;
			sourceTree = "<group>";
		};
		FAAD874B1DA32D6700B0DD2B /* DecksTests */ = {
			isa = PBXGroup;
			children = (
				FAAD874C1DA32D6700B0DD2B /* DecksTests.swift */,
				FAAD874E1DA32D6700B0DD2B /* Info.plist */,
			);
			path = DecksTests;
			sourceTree = "<group>";
		};
		FAAD87561DA32D6700B0DD2B /* DecksUITests */ = {
			isa = PBXGroup;
			children = (
				FAAD87571DA32D6700B0DD2B /* DecksUITests.swift */,
				FAAD87591DA32D6700B0DD2B /* Info.plist */,
			);
			path = DecksUITests;
			sourceTree = "<group>";
		};
/* End PBXGroup section */

/* Begin PBXNativeTarget section */
		FAAD87331DA32D6200B0DD2B /* Decks */ = {
			isa = PBXNativeTarget;
			buildConfigurationList = FAAD875C1DA32D6800B0DD2B /* Build configuration list for PBXNativeTarget "Decks" */;
			buildPhases = (
				88BBCBA2227D1B1DFFC9D7E6 /* Check Pods Manifest.lock */,
				FAAD87301DA32D6200B0DD2B /* Sources */,
				FAAD87311DA32D6200B0DD2B /* Frameworks */,
				FAAD87321DA32D6200B0DD2B /* Resources */,
				F8966FA204B8FD0004DAC69B /* Embed Pods Frameworks */,
				C1720CBB874B00854B3789A6 /* Copy Pods Resources */,
			);
			buildRules = (
			);
			dependencies = (
			);
			name = Decks;
			productName = Decks;
			productReference = FAAD87341DA32D6500B0DD2B /* Decks.app */;
			productType = "com.apple.product-type.application";
		};
		FAAD87471DA32D6700B0DD2B /* DecksTests */ = {
			isa = PBXNativeTarget;
			buildConfigurationList = FAAD875F1DA32D6800B0DD2B /* Build configuration list for PBXNativeTarget "DecksTests" */;
			buildPhases = (
				86C13431754046B07A2F70C0 /* Check Pods Manifest.lock */,
				FAAD87441DA32D6700B0DD2B /* Sources */,
				FAAD87451DA32D6700B0DD2B /* Frameworks */,
				FAAD87461DA32D6700B0DD2B /* Resources */,
				4B2ADC919747BF4D7BD2AFFE /* Embed Pods Frameworks */,
				5030A9C1AFCD2981C3362277 /* Copy Pods Resources */,
			);
			buildRules = (
			);
			dependencies = (
				FAAD874A1DA32D6700B0DD2B /* PBXTargetDependency */,
			);
			name = DecksTests;
			productName = DecksTests;
			productReference = FAAD87481DA32D6700B0DD2B /* DecksTests.xctest */;
			productType = "com.apple.product-type.bundle.unit-test";
		};
		FAAD87521DA32D6700B0DD2B /* DecksUITests */ = {
			isa = PBXNativeTarget;
			buildConfigurationList = FAAD87621DA32D6800B0DD2B /* Build configuration list for PBXNativeTarget "DecksUITests" */;
			buildPhases = (
				047E5480963041749BBE1A56 /* Check Pods Manifest.lock */,
				FAAD874F1DA32D6700B0DD2B /* Sources */,
				FAAD87501DA32D6700B0DD2B /* Frameworks */,
				FAAD87511DA32D6700B0DD2B /* Resources */,
				4BB32983BA47C18DC3C0B2F0 /* Copy Pods Resources */,
			);
			buildRules = (
			);
			dependencies = (
				FAAD87551DA32D6700B0DD2B /* PBXTargetDependency */,
			);
			name = DecksUITests;
			productName = DecksUITests;
			productReference = FAAD87531DA32D6700B0DD2B /* DecksUITests.xctest */;
			productType = "com.apple.product-type.bundle.ui-testing";
		};
/* End PBXNativeTarget section */

/* Begin PBXProject section */
		FAAD872C1DA32D6200B0DD2B /* Project object */ = {
			isa = PBXProject;
			attributes = {
				LastSwiftUpdateCheck = 0800;
				LastUpgradeCheck = 0800;
				ORGANIZATIONNAME = DoGoodTechnology;
				TargetAttributes = {
					FAAD87331DA32D6200B0DD2B = {
						CreatedOnToolsVersion = 8.0;
						DevelopmentTeam = E2G7ZKJKQ5;
						ProvisioningStyle = Automatic;
					};
					FAAD87471DA32D6700B0DD2B = {
						CreatedOnToolsVersion = 8.0;
						DevelopmentTeam = E2G7ZKJKQ5;
						ProvisioningStyle = Automatic;
						TestTargetID = FAAD87331DA32D6200B0DD2B;
					};
					FAAD87521DA32D6700B0DD2B = {
						CreatedOnToolsVersion = 8.0;
						DevelopmentTeam = E2G7ZKJKQ5;
						ProvisioningStyle = Automatic;
						TestTargetID = FAAD87331DA32D6200B0DD2B;
					};
				};
			};
			buildConfigurationList = FAAD872F1DA32D6200B0DD2B /* Build configuration list for PBXProject "Decks" */;
			compatibilityVersion = "Xcode 3.2";
			developmentRegion = English;
			hasScannedForEncodings = 0;
			knownRegions = (
				en,
				Base,
			);
			mainGroup = FAAD872B1DA32D6200B0DD2B;
			productRefGroup = FAAD87351DA32D6500B0DD2B /* Products */;
			projectDirPath = "";
			projectRoot = "";
			targets = (
				FAAD87331DA32D6200B0DD2B /* Decks */,
				FAAD87471DA32D6700B0DD2B /* DecksTests */,
				FAAD87521DA32D6700B0DD2B /* DecksUITests */,
			);
		};
/* End PBXProject section */

/* Begin PBXResourcesBuildPhase section */
		FAAD87321DA32D6200B0DD2B /* Resources */ = {
			isa = PBXResourcesBuildPhase;
			buildActionMask = 2147483647;
			files = (
				FAAD87421DA32D6600B0DD2B /* LaunchScreen.storyboard in Resources */,
				FAAD873F1DA32D6600B0DD2B /* Assets.xcassets in Resources */,
				FAAD87681DA3355200B0DD2B /* GoogleService-Info-Decks.plist in Resources */,
				FAAD873D1DA32D6600B0DD2B /* Main.storyboard in Resources */,
			);
			runOnlyForDeploymentPostprocessing = 0;
		};
		FAAD87461DA32D6700B0DD2B /* Resources */ = {
			isa = PBXResourcesBuildPhase;
			buildActionMask = 2147483647;
			files = (
				FAAD87691DA3355200B0DD2B /* GoogleService-Info-Decks.plist in Resources */,
			);
			runOnlyForDeploymentPostprocessing = 0;
		};
		FAAD87511DA32D6700B0DD2B /* Resources */ = {
			isa = PBXResourcesBuildPhase;
			buildActionMask = 2147483647;
			files = (
				FAAD876A1DA3355200B0DD2B /* GoogleService-Info-Decks.plist in Resources */,
			);
			runOnlyForDeploymentPostprocessing = 0;
		};
/* End PBXResourcesBuildPhase section */

/* Begin PBXShellScriptBuildPhase section */
		047E5480963041749BBE1A56 /* Check Pods Manifest.lock */ = {
			isa = PBXShellScriptBuildPhase;
			buildActionMask = 2147483647;
			files = (
			);
			inputPaths = (
			);
			name = "Check Pods Manifest.lock";
			outputPaths = (
			);
			runOnlyForDeploymentPostprocessing = 0;
			shellPath = /bin/sh;
			shellScript = "diff \"${PODS_ROOT}/../Podfile.lock\" \"${PODS_ROOT}/Manifest.lock\" > /dev/null\nif [[ $? != 0 ]] ; then\n    cat << EOM\nerror: The sandbox is not in sync with the Podfile.lock. Run 'pod install' or update your CocoaPods installation.\nEOM\n    exit 1\nfi\n";
			showEnvVarsInLog = 0;
		};
		4B2ADC919747BF4D7BD2AFFE /* Embed Pods Frameworks */ = {
			isa = PBXShellScriptBuildPhase;
			buildActionMask = 2147483647;
			files = (
			);
			inputPaths = (
			);
			name = "Embed Pods Frameworks";
			outputPaths = (
			);
			runOnlyForDeploymentPostprocessing = 0;
			shellPath = /bin/sh;
			shellScript = "\"${SRCROOT}/Pods/Target Support Files/Pods-DecksTests/Pods-DecksTests-frameworks.sh\"\n";
			showEnvVarsInLog = 0;
		};
		4BB32983BA47C18DC3C0B2F0 /* Copy Pods Resources */ = {
			isa = PBXShellScriptBuildPhase;
			buildActionMask = 2147483647;
			files = (
			);
			inputPaths = (
			);
			name = "Copy Pods Resources";
			outputPaths = (
			);
			runOnlyForDeploymentPostprocessing = 0;
			shellPath = /bin/sh;
			shellScript = "\"${SRCROOT}/Pods/Target Support Files/Pods-DecksUITests/Pods-DecksUITests-resources.sh\"\n";
			showEnvVarsInLog = 0;
		};
		5030A9C1AFCD2981C3362277 /* Copy Pods Resources */ = {
			isa = PBXShellScriptBuildPhase;
			buildActionMask = 2147483647;
			files = (
			);
			inputPaths = (
			);
			name = "Copy Pods Resources";
			outputPaths = (
			);
			runOnlyForDeploymentPostprocessing = 0;
			shellPath = /bin/sh;
			shellScript = "\"${SRCROOT}/Pods/Target Support Files/Pods-DecksTests/Pods-DecksTests-resources.sh\"\n";
			showEnvVarsInLog = 0;
		};
		86C13431754046B07A2F70C0 /* Check Pods Manifest.lock */ = {
			isa = PBXShellScriptBuildPhase;
			buildActionMask = 2147483647;
			files = (
			);
			inputPaths = (
			);
			name = "Check Pods Manifest.lock";
			outputPaths = (
			);
			runOnlyForDeploymentPostprocessing = 0;
			shellPath = /bin/sh;
			shellScript = "diff \"${PODS_ROOT}/../Podfile.lock\" \"${PODS_ROOT}/Manifest.lock\" > /dev/null\nif [[ $? != 0 ]] ; then\n    cat << EOM\nerror: The sandbox is not in sync with the Podfile.lock. Run 'pod install' or update your CocoaPods installation.\nEOM\n    exit 1\nfi\n";
			showEnvVarsInLog = 0;
		};
		88BBCBA2227D1B1DFFC9D7E6 /* Check Pods Manifest.lock */ = {
			isa = PBXShellScriptBuildPhase;
			buildActionMask = 2147483647;
			files = (
			);
			inputPaths = (
			);
			name = "Check Pods Manifest.lock";
			outputPaths = (
			);
			runOnlyForDeploymentPostprocessing = 0;
			shellPath = /bin/sh;
			shellScript = "diff \"${PODS_ROOT}/../Podfile.lock\" \"${PODS_ROOT}/Manifest.lock\" > /dev/null\nif [[ $? != 0 ]] ; then\n    cat << EOM\nerror: The sandbox is not in sync with the Podfile.lock. Run 'pod install' or update your CocoaPods installation.\nEOM\n    exit 1\nfi\n";
			showEnvVarsInLog = 0;
		};
		C1720CBB874B00854B3789A6 /* Copy Pods Resources */ = {
			isa = PBXShellScriptBuildPhase;
			buildActionMask = 2147483647;
			files = (
			);
			inputPaths = (
			);
			name = "Copy Pods Resources";
			outputPaths = (
			);
			runOnlyForDeploymentPostprocessing = 0;
			shellPath = /bin/sh;
			shellScript = "\"${SRCROOT}/Pods/Target Support Files/Pods-Decks/Pods-Decks-resources.sh\"\n";
			showEnvVarsInLog = 0;
		};
		F8966FA204B8FD0004DAC69B /* Embed Pods Frameworks */ = {
			isa = PBXShellScriptBuildPhase;
			buildActionMask = 2147483647;
			files = (
			);
			inputPaths = (
			);
			name = "Embed Pods Frameworks";
			outputPaths = (
			);
			runOnlyForDeploymentPostprocessing = 0;
			shellPath = /bin/sh;
			shellScript = "\"${SRCROOT}/Pods/Target Support Files/Pods-Decks/Pods-Decks-frameworks.sh\"\n";
			showEnvVarsInLog = 0;
		};
/* End PBXShellScriptBuildPhase section */

/* Begin PBXSourcesBuildPhase section */
		FAAD87301DA32D6200B0DD2B /* Sources */ = {
			isa = PBXSourcesBuildPhase;
			buildActionMask = 2147483647;
			files = (
				FAAC44DC1DC5A05A00BE8267 /* FlashcardViewController.swift in Sources */,
				FAAC44D81DC5A03600BE8267 /* MyDecksViewController.swift in Sources */,
				FA6AE2E91DC67B5200FD91CA /* RecentlyJoinedPeopleView.swift in Sources */,
				FAAC44E81DC5A6A900BE8267 /* AccountsCell.swift in Sources */,
				FAE3EA471DCA6D4800B375ED /* flashcardOptionsView.swift in Sources */,
				FAAD87381DA32D6500B0DD2B /* AppDelegate.swift in Sources */,
				FAAC44E41DC5A12600BE8267 /* DeckOutlineCell.swift in Sources */,
				FAE3EA451DCA68AF00B375ED /* UserProfileSocialIconsView.swift in Sources */,
				FAAC44E61DC5A1A400BE8267 /* DeckDetailCell.swift in Sources */,
				FAAC44D41DC59FEB00BE8267 /* UIHelper.swift in Sources */,
				FAAC44DA1DC5A04E00BE8267 /* DeckDetailViewController.swift in Sources */,
				FAAC44E21DC5A11900BE8267 /* DeckCell.swift in Sources */,
				FAAC44DE1DC5A06900BE8267 /* ProfileViewController.swift in Sources */,
				FAAC44E01DC5A0E300BE8267 /* UserProfileCell.swift in Sources */,
				FAAC44D61DC5A01400BE8267 /* HomeViewController.swift in Sources */,
			);
			runOnlyForDeploymentPostprocessing = 0;
		};
		FAAD87441DA32D6700B0DD2B /* Sources */ = {
			isa = PBXSourcesBuildPhase;
			buildActionMask = 2147483647;
			files = (
				FAAD874D1DA32D6700B0DD2B /* DecksTests.swift in Sources */,
			);
			runOnlyForDeploymentPostprocessing = 0;
		};
		FAAD874F1DA32D6700B0DD2B /* Sources */ = {
			isa = PBXSourcesBuildPhase;
			buildActionMask = 2147483647;
			files = (
				FAAD87581DA32D6700B0DD2B /* DecksUITests.swift in Sources */,
			);
			runOnlyForDeploymentPostprocessing = 0;
		};
/* End PBXSourcesBuildPhase section */

/* Begin PBXTargetDependency section */
		FAAD874A1DA32D6700B0DD2B /* PBXTargetDependency */ = {
			isa = PBXTargetDependency;
			target = FAAD87331DA32D6200B0DD2B /* Decks */;
			targetProxy = FAAD87491DA32D6700B0DD2B /* PBXContainerItemProxy */;
		};
		FAAD87551DA32D6700B0DD2B /* PBXTargetDependency */ = {
			isa = PBXTargetDependency;
			target = FAAD87331DA32D6200B0DD2B /* Decks */;
			targetProxy = FAAD87541DA32D6700B0DD2B /* PBXContainerItemProxy */;
		};
/* End PBXTargetDependency section */

/* Begin PBXVariantGroup section */
		FAAD873B1DA32D6600B0DD2B /* Main.storyboard */ = {
			isa = PBXVariantGroup;
			children = (
				FAAD873C1DA32D6600B0DD2B /* Base */,
			);
			name = Main.storyboard;
			sourceTree = "<group>";
		};
		FAAD87401DA32D6600B0DD2B /* LaunchScreen.storyboard */ = {
			isa = PBXVariantGroup;
			children = (
				FAAD87411DA32D6600B0DD2B /* Base */,
			);
			name = LaunchScreen.storyboard;
			sourceTree = "<group>";
		};
/* End PBXVariantGroup section */

/* Begin XCBuildConfiguration section */
		FAAD875A1DA32D6700B0DD2B /* Debug */ = {
			isa = XCBuildConfiguration;
			buildSettings = {
				ALWAYS_SEARCH_USER_PATHS = NO;
				CLANG_ANALYZER_NONNULL = YES;
				CLANG_CXX_LANGUAGE_STANDARD = "gnu++0x";
				CLANG_CXX_LIBRARY = "libc++";
				CLANG_ENABLE_MODULES = YES;
				CLANG_ENABLE_OBJC_ARC = YES;
				CLANG_WARN_BOOL_CONVERSION = YES;
				CLANG_WARN_CONSTANT_CONVERSION = YES;
				CLANG_WARN_DIRECT_OBJC_ISA_USAGE = YES_ERROR;
				CLANG_WARN_DOCUMENTATION_COMMENTS = YES;
				CLANG_WARN_EMPTY_BODY = YES;
				CLANG_WARN_ENUM_CONVERSION = YES;
				CLANG_WARN_INFINITE_RECURSION = YES;
				CLANG_WARN_INT_CONVERSION = YES;
				CLANG_WARN_OBJC_ROOT_CLASS = YES_ERROR;
				CLANG_WARN_SUSPICIOUS_MOVES = YES;
				CLANG_WARN_UNREACHABLE_CODE = YES;
				CLANG_WARN__DUPLICATE_METHOD_MATCH = YES;
				"CODE_SIGN_IDENTITY[sdk=iphoneos*]" = "iPhone Developer";
				COPY_PHASE_STRIP = NO;
				DEBUG_INFORMATION_FORMAT = dwarf;
				ENABLE_STRICT_OBJC_MSGSEND = YES;
				ENABLE_TESTABILITY = YES;
				GCC_C_LANGUAGE_STANDARD = gnu99;
				GCC_DYNAMIC_NO_PIC = NO;
				GCC_NO_COMMON_BLOCKS = YES;
				GCC_OPTIMIZATION_LEVEL = 0;
				GCC_PREPROCESSOR_DEFINITIONS = (
					"DEBUG=1",
					"$(inherited)",
				);
				GCC_WARN_64_TO_32_BIT_CONVERSION = YES;
				GCC_WARN_ABOUT_RETURN_TYPE = YES_ERROR;
				GCC_WARN_UNDECLARED_SELECTOR = YES;
				GCC_WARN_UNINITIALIZED_AUTOS = YES_AGGRESSIVE;
				GCC_WARN_UNUSED_FUNCTION = YES;
				GCC_WARN_UNUSED_VARIABLE = YES;
				IPHONEOS_DEPLOYMENT_TARGET = 10.0;
				MTL_ENABLE_DEBUG_INFO = YES;
				ONLY_ACTIVE_ARCH = YES;
				SDKROOT = iphoneos;
				SWIFT_ACTIVE_COMPILATION_CONDITIONS = DEBUG;
				SWIFT_OPTIMIZATION_LEVEL = "-Onone";
			};
			name = Debug;
		};
		FAAD875B1DA32D6700B0DD2B /* Release */ = {
			isa = XCBuildConfiguration;
			buildSettings = {
				ALWAYS_SEARCH_USER_PATHS = NO;
				CLANG_ANALYZER_NONNULL = YES;
				CLANG_CXX_LANGUAGE_STANDARD = "gnu++0x";
				CLANG_CXX_LIBRARY = "libc++";
				CLANG_ENABLE_MODULES = YES;
				CLANG_ENABLE_OBJC_ARC = YES;
				CLANG_WARN_BOOL_CONVERSION = YES;
				CLANG_WARN_CONSTANT_CONVERSION = YES;
				CLANG_WARN_DIRECT_OBJC_ISA_USAGE = YES_ERROR;
				CLANG_WARN_DOCUMENTATION_COMMENTS = YES;
				CLANG_WARN_EMPTY_BODY = YES;
				CLANG_WARN_ENUM_CONVERSION = YES;
				CLANG_WARN_INFINITE_RECURSION = YES;
				CLANG_WARN_INT_CONVERSION = YES;
				CLANG_WARN_OBJC_ROOT_CLASS = YES_ERROR;
				CLANG_WARN_SUSPICIOUS_MOVES = YES;
				CLANG_WARN_UNREACHABLE_CODE = YES;
				CLANG_WARN__DUPLICATE_METHOD_MATCH = YES;
				"CODE_SIGN_IDENTITY[sdk=iphoneos*]" = "iPhone Developer";
				COPY_PHASE_STRIP = NO;
				DEBUG_INFORMATION_FORMAT = "dwarf-with-dsym";
				ENABLE_NS_ASSERTIONS = NO;
				ENABLE_STRICT_OBJC_MSGSEND = YES;
				GCC_C_LANGUAGE_STANDARD = gnu99;
				GCC_NO_COMMON_BLOCKS = YES;
				GCC_WARN_64_TO_32_BIT_CONVERSION = YES;
				GCC_WARN_ABOUT_RETURN_TYPE = YES_ERROR;
				GCC_WARN_UNDECLARED_SELECTOR = YES;
				GCC_WARN_UNINITIALIZED_AUTOS = YES_AGGRESSIVE;
				GCC_WARN_UNUSED_FUNCTION = YES;
				GCC_WARN_UNUSED_VARIABLE = YES;
				IPHONEOS_DEPLOYMENT_TARGET = 10.0;
				MTL_ENABLE_DEBUG_INFO = NO;
				SDKROOT = iphoneos;
				SWIFT_OPTIMIZATION_LEVEL = "-Owholemodule";
				VALIDATE_PRODUCT = YES;
			};
			name = Release;
		};
		FAAD875D1DA32D6800B0DD2B /* Debug */ = {
			isa = XCBuildConfiguration;
			baseConfigurationReference = C3CDB3537AC4D6AC0F7467E9 /* Pods-Decks.debug.xcconfig */;
			buildSettings = {
				ASSETCATALOG_COMPILER_APPICON_NAME = AppIcon;
				DEVELOPMENT_TEAM = E2G7ZKJKQ5;
				INFOPLIST_FILE = Decks/Info.plist;
				LD_RUNPATH_SEARCH_PATHS = "$(inherited) @executable_path/Frameworks";
				PRODUCT_BUNDLE_IDENTIFIER = "Do-Good-Technology.Decks";
				PRODUCT_NAME = "$(TARGET_NAME)";
				SWIFT_VERSION = 3.0;
			};
			name = Debug;
		};
		FAAD875E1DA32D6800B0DD2B /* Release */ = {
			isa = XCBuildConfiguration;
			baseConfigurationReference = 1D8E91A843B2BC028E37B196 /* Pods-Decks.release.xcconfig */;
			buildSettings = {
				ASSETCATALOG_COMPILER_APPICON_NAME = AppIcon;
				DEVELOPMENT_TEAM = E2G7ZKJKQ5;
				INFOPLIST_FILE = Decks/Info.plist;
				LD_RUNPATH_SEARCH_PATHS = "$(inherited) @executable_path/Frameworks";
				PRODUCT_BUNDLE_IDENTIFIER = "Do-Good-Technology.Decks";
				PRODUCT_NAME = "$(TARGET_NAME)";
				SWIFT_VERSION = 3.0;
			};
			name = Release;
		};
		FAAD87601DA32D6800B0DD2B /* Debug */ = {
			isa = XCBuildConfiguration;
			baseConfigurationReference = 836D1BC25E744ADD23CF4831 /* Pods-DecksTests.debug.xcconfig */;
			buildSettings = {
				ALWAYS_EMBED_SWIFT_STANDARD_LIBRARIES = YES;
				BUNDLE_LOADER = "$(TEST_HOST)";
				DEVELOPMENT_TEAM = E2G7ZKJKQ5;
				INFOPLIST_FILE = DecksTests/Info.plist;
				LD_RUNPATH_SEARCH_PATHS = "$(inherited) @executable_path/Frameworks @loader_path/Frameworks";
				PRODUCT_BUNDLE_IDENTIFIER = "Do-Good-Technology.DecksTests";
				PRODUCT_NAME = "$(TARGET_NAME)";
				SWIFT_VERSION = 3.0;
				TEST_HOST = "$(BUILT_PRODUCTS_DIR)/Decks.app/Decks";
			};
			name = Debug;
		};
		FAAD87611DA32D6800B0DD2B /* Release */ = {
			isa = XCBuildConfiguration;
			baseConfigurationReference = 635E13260CE88509C2C305AC /* Pods-DecksTests.release.xcconfig */;
			buildSettings = {
				ALWAYS_EMBED_SWIFT_STANDARD_LIBRARIES = YES;
				BUNDLE_LOADER = "$(TEST_HOST)";
				DEVELOPMENT_TEAM = E2G7ZKJKQ5;
				INFOPLIST_FILE = DecksTests/Info.plist;
				LD_RUNPATH_SEARCH_PATHS = "$(inherited) @executable_path/Frameworks @loader_path/Frameworks";
				PRODUCT_BUNDLE_IDENTIFIER = "Do-Good-Technology.DecksTests";
				PRODUCT_NAME = "$(TARGET_NAME)";
				SWIFT_VERSION = 3.0;
				TEST_HOST = "$(BUILT_PRODUCTS_DIR)/Decks.app/Decks";
			};
			name = Release;
		};
		FAAD87631DA32D6800B0DD2B /* Debug */ = {
			isa = XCBuildConfiguration;
			baseConfigurationReference = 0A3C8B5E0D67B8EE788EAC30 /* Pods-DecksUITests.debug.xcconfig */;
			buildSettings = {
				ALWAYS_EMBED_SWIFT_STANDARD_LIBRARIES = YES;
				DEVELOPMENT_TEAM = E2G7ZKJKQ5;
				INFOPLIST_FILE = DecksUITests/Info.plist;
				LD_RUNPATH_SEARCH_PATHS = "$(inherited) @executable_path/Frameworks @loader_path/Frameworks";
				PRODUCT_BUNDLE_IDENTIFIER = "Do-Good-Technology.DecksUITests";
				PRODUCT_NAME = "$(TARGET_NAME)";
				SWIFT_VERSION = 3.0;
				TEST_TARGET_NAME = Decks;
			};
			name = Debug;
		};
		FAAD87641DA32D6800B0DD2B /* Release */ = {
			isa = XCBuildConfiguration;
			baseConfigurationReference = 86B9E4E640ADB73211B1D400 /* Pods-DecksUITests.release.xcconfig */;
			buildSettings = {
				ALWAYS_EMBED_SWIFT_STANDARD_LIBRARIES = YES;
				DEVELOPMENT_TEAM = E2G7ZKJKQ5;
				INFOPLIST_FILE = DecksUITests/Info.plist;
				LD_RUNPATH_SEARCH_PATHS = "$(inherited) @executable_path/Frameworks @loader_path/Frameworks";
				PRODUCT_BUNDLE_IDENTIFIER = "Do-Good-Technology.DecksUITests";
				PRODUCT_NAME = "$(TARGET_NAME)";
				SWIFT_VERSION = 3.0;
				TEST_TARGET_NAME = Decks;
			};
			name = Release;
		};
/* End XCBuildConfiguration section */

/* Begin XCConfigurationList section */
		FAAD872F1DA32D6200B0DD2B /* Build configuration list for PBXProject "Decks" */ = {
			isa = XCConfigurationList;
			buildConfigurations = (
				FAAD875A1DA32D6700B0DD2B /* Debug */,
				FAAD875B1DA32D6700B0DD2B /* Release */,
			);
			defaultConfigurationIsVisible = 0;
			defaultConfigurationName = Release;
		};
		FAAD875C1DA32D6800B0DD2B /* Build configuration list for PBXNativeTarget "Decks" */ = {
			isa = XCConfigurationList;
			buildConfigurations = (
				FAAD875D1DA32D6800B0DD2B /* Debug */,
				FAAD875E1DA32D6800B0DD2B /* Release */,
			);
			defaultConfigurationIsVisible = 0;
			defaultConfigurationName = Release;
		};
		FAAD875F1DA32D6800B0DD2B /* Build configuration list for PBXNativeTarget "DecksTests" */ = {
			isa = XCConfigurationList;
			buildConfigurations = (
				FAAD87601DA32D6800B0DD2B /* Debug */,
				FAAD87611DA32D6800B0DD2B /* Release */,
			);
			defaultConfigurationIsVisible = 0;
			defaultConfigurationName = Release;
		};
		FAAD87621DA32D6800B0DD2B /* Build configuration list for PBXNativeTarget "DecksUITests" */ = {
			isa = XCConfigurationList;
			buildConfigurations = (
				FAAD87631DA32D6800B0DD2B /* Debug */,
				FAAD87641DA32D6800B0DD2B /* Release */,
			);
			defaultConfigurationIsVisible = 0;
			defaultConfigurationName = Release;
		};
/* End XCConfigurationList section */
	};
	rootObject = FAAD872C1DA32D6200B0DD2B /* Project object */;
}
